<?xml version="1.0" encoding="utf-8"?>
<Project ToolsVersion="4.0" xmlns="http://schemas.microsoft.com/developer/msbuild/2003">
  <ItemGroup>
    <Filter Include="源文件">
      <UniqueIdentifier>{4FC737F1-C7A5-4376-A066-2A32D752A2FF}</UniqueIdentifier>
      <Extensions>cpp;c;cc;cxx;def;odl;idl;hpj;bat;asm;asmx</Extensions>
    </Filter>
    <Filter Include="头文件">
      <UniqueIdentifier>{93995380-89BD-4b04-88EB-625FBE52EBFB}</UniqueIdentifier>
      <Extensions>h;hpp;hxx;hm;inl;inc;xsd</Extensions>
    </Filter>
    <Filter Include="资源文件">
      <UniqueIdentifier>{67DA6AB6-F800-4c08-8B7A-83BB121AAD01}</UniqueIdentifier>
      <Extensions>rc;ico;cur;bmp;dlg;rc2;rct;bin;rgs;gif;jpg;jpeg;jpe;resx;tiff;tif;png;wav;mfcribbon-ms</Extensions>
    </Filter>
  </ItemGroup>
  <ItemGroup>
    <ClInclude Include="..\..\PainterEngine\kernel\PX_2dxCommon.h">
      <Filter>头文件</Filter>
    </ClInclude>
    <ClInclude Include="..\..\PainterEngine\kernel\PX_3D_ObjData.h">
      <Filter>头文件</Filter>
    </ClInclude>
    <ClInclude Include="..\..\PainterEngine\kernel\PX_Animation.h">
      <Filter>头文件</Filter>
    </ClInclude>
    <ClInclude Include="..\..\PainterEngine\kernel\PX_Json.h">
      <Filter>头文件</Filter>
    </ClInclude>
    <ClInclude Include="..\..\PainterEngine\kernel\PX_Kernel.h">
      <Filter>头文件</Filter>
    </ClInclude>
    <ClInclude Include="..\..\PainterEngine\kernel\PX_Lexer.h">
      <Filter>头文件</Filter>
    </ClInclude>
    <ClInclude Include="..\..\PainterEngine\kernel\PX_MODBUS.h">
      <Filter>头文件</Filter>
    </ClInclude>
    <ClInclude Include="..\..\PainterEngine\kernel\PX_Object.h">
      <Filter>头文件</Filter>
    </ClInclude>
    <ClInclude Include="..\..\PainterEngine\kernel\PX_Partical.h">
      <Filter>头文件</Filter>
    </ClInclude>
    <ClInclude Include="..\..\PainterEngine\kernel\PX_Resource.h">
      <Filter>头文件</Filter>
    </ClInclude>
    <ClInclude Include="..\..\PainterEngine\kernel\PX_ScriptCore.h">
      <Filter>头文件</Filter>
    </ClInclude>
    <ClInclude Include="..\..\PainterEngine\kernel\PX_Script_ASMCompiler.h">
      <Filter>头文件</Filter>
    </ClInclude>
    <ClInclude Include="..\..\PainterEngine\kernel\PX_Script_Interpreter.h">
      <Filter>头文件</Filter>
    </ClInclude>
    <ClInclude Include="..\..\PainterEngine\kernel\PX_Script_VM.h">
      <Filter>头文件</Filter>
    </ClInclude>
    <ClInclude Include="..\..\PainterEngine\kernel\PX_SoundLab.h">
      <Filter>头文件</Filter>
    </ClInclude>
    <ClInclude Include="..\..\PainterEngine\kernel\PX_Sync.h">
      <Filter>头文件</Filter>
    </ClInclude>
    <ClInclude Include="..\..\PainterEngine\kernel\PX_World.h">
      <Filter>头文件</Filter>
    </ClInclude>
    <ClInclude Include="..\..\PainterEngine\architecture\PainterEngine_Console.h">
      <Filter>头文件</Filter>
    </ClInclude>
    <ClInclude Include="..\..\PainterEngine\architecture\PainterEngine_MessageBox.h">
      <Filter>头文件</Filter>
    </ClInclude>
    <ClInclude Include="..\..\PainterEngine\architecture\PainterEngine_Runtime.h">
      <Filter>头文件</Filter>
    </ClInclude>
    <ClInclude Include="..\..\PainterEngine\core\PX_3D.h">
      <Filter>头文件</Filter>
    </ClInclude>
    <ClInclude Include="..\..\PainterEngine\core\PX_AES.h">
      <Filter>头文件</Filter>
    </ClInclude>
    <ClInclude Include="..\..\PainterEngine\core\PX_ANN.h">
      <Filter>头文件</Filter>
    </ClInclude>
    <ClInclude Include="..\..\PainterEngine\core\PX_Arle.h">
      <Filter>头文件</Filter>
    </ClInclude>
    <ClInclude Include="..\..\PainterEngine\core\PX_Base64.h">
      <Filter>头文件</Filter>
    </ClInclude>
    <ClInclude Include="..\..\PainterEngine\core\PX_BaseGeo.h">
      <Filter>头文件</Filter>
    </ClInclude>
    <ClInclude Include="..\..\PainterEngine\core\PX_Bitmap.h">
      <Filter>头文件</Filter>
    </ClInclude>
    <ClInclude Include="..\..\PainterEngine\core\PX_BpNeural.h">
      <Filter>头文件</Filter>
    </ClInclude>
    <ClInclude Include="..\..\PainterEngine\core\PX_Core.h">
      <Filter>头文件</Filter>
    </ClInclude>
    <ClInclude Include="..\..\PainterEngine\core\PX_curve25519.h">
      <Filter>头文件</Filter>
    </ClInclude>
    <ClInclude Include="..\..\PainterEngine\core\PX_Effect.h">
      <Filter>头文件</Filter>
    </ClInclude>
    <ClInclude Include="..\..\PainterEngine\core\PX_Font.h">
      <Filter>头文件</Filter>
    </ClInclude>
    <ClInclude Include="..\..\PainterEngine\core\PX_Hashmap.h">
      <Filter>头文件</Filter>
    </ClInclude>
    <ClInclude Include="..\..\PainterEngine\core\PX_Huffman.h">
      <Filter>头文件</Filter>
    </ClInclude>
    <ClInclude Include="..\..\PainterEngine\core\PX_KalmanFilter.h">
      <Filter>头文件</Filter>
    </ClInclude>
    <ClInclude Include="..\..\PainterEngine\core\PX_Linker.h">
      <Filter>头文件</Filter>
    </ClInclude>
    <ClInclude Include="..\..\PainterEngine\core\PX_List.h">
      <Filter>头文件</Filter>
    </ClInclude>
    <ClInclude Include="..\..\PainterEngine\core\PX_Log.h">
      <Filter>头文件</Filter>
    </ClInclude>
    <ClInclude Include="..\..\PainterEngine\core\PX_MathTable.h">
      <Filter>头文件</Filter>
    </ClInclude>
    <ClInclude Include="..\..\PainterEngine\core\PX_Memory.h">
      <Filter>头文件</Filter>
    </ClInclude>
    <ClInclude Include="..\..\PainterEngine\core\PX_MemoryPool.h">
      <Filter>头文件</Filter>
    </ClInclude>
    <ClInclude Include="..\..\PainterEngine\core\PX_MFCC.h">
      <Filter>头文件</Filter>
    </ClInclude>
    <ClInclude Include="..\..\PainterEngine\core\PX_Packet.h">
      <Filter>头文件</Filter>
    </ClInclude>
    <ClInclude Include="..\..\PainterEngine\core\PX_ParallelCore.h">
      <Filter>头文件</Filter>
    </ClInclude>
    <ClInclude Include="..\..\PainterEngine\core\PX_Quadtree.h">
      <Filter>头文件</Filter>
    </ClInclude>
    <ClInclude Include="..\..\PainterEngine\core\PX_Quicksort.h">
      <Filter>头文件</Filter>
    </ClInclude>
    <ClInclude Include="..\..\PainterEngine\core\PX_rbtree.h">
      <Filter>头文件</Filter>
    </ClInclude>
    <ClInclude Include="..\..\PainterEngine\core\PX_Sha256.h">
      <Filter>头文件</Filter>
    </ClInclude>
    <ClInclude Include="..\..\PainterEngine\core\PX_Sound.h">
      <Filter>头文件</Filter>
    </ClInclude>
    <ClInclude Include="..\..\PainterEngine\core\PX_SoundModule.h">
      <Filter>头文件</Filter>
    </ClInclude>
    <ClInclude Include="..\..\PainterEngine\core\PX_String.h">
      <Filter>头文件</Filter>
    </ClInclude>
    <ClInclude Include="..\..\PainterEngine\core\PX_Surface.h">
      <Filter>头文件</Filter>
    </ClInclude>
    <ClInclude Include="..\..\PainterEngine\core\PX_Texture.h">
      <Filter>头文件</Filter>
    </ClInclude>
    <ClInclude Include="..\..\PainterEngine\core\PX_TRaw.h">
      <Filter>头文件</Filter>
    </ClInclude>
    <ClInclude Include="..\..\PainterEngine\core\PX_Tuning.h">
      <Filter>头文件</Filter>
    </ClInclude>
    <ClInclude Include="..\..\PainterEngine\core\PX_Typedef.h">
      <Filter>头文件</Filter>
    </ClInclude>
    <ClInclude Include="..\..\PainterEngine\core\PX_Vector.h">
      <Filter>头文件</Filter>
    </ClInclude>
    <ClInclude Include="..\..\PainterEngine\core\PX_Wave.h">
      <Filter>头文件</Filter>
    </ClInclude>
    <ClInclude Include="..\..\PainterEngine\platform\windows\Platform_Windows_D2D.h">
      <Filter>头文件</Filter>
    </ClInclude>
    <ClInclude Include="..\..\PainterEngine\platform\windows\px_udp.h">
      <Filter>头文件</Filter>
    </ClInclude>
  </ItemGroup>
  <ItemGroup>
    <ClCompile Include="..\..\PainterEngine\kernel\PX_3D_ObjData.c">
      <Filter>源文件</Filter>
    </ClCompile>
    <ClCompile Include="..\..\PainterEngine\kernel\PX_Animation.c">
      <Filter>源文件</Filter>
    </ClCompile>
    <ClCompile Include="..\..\PainterEngine\kernel\PX_Json.c">
      <Filter>源文件</Filter>
    </ClCompile>
    <ClCompile Include="..\..\PainterEngine\kernel\PX_Lexer.c">
      <Filter>源文件</Filter>
    </ClCompile>
    <ClCompile Include="..\..\PainterEngine\kernel\PX_MODBUS.c">
      <Filter>源文件</Filter>
    </ClCompile>
    <ClCompile Include="..\..\PainterEngine\kernel\PX_Object.c">
      <Filter>源文件</Filter>
    </ClCompile>
    <ClCompile Include="..\..\PainterEngine\kernel\PX_Partical.c">
      <Filter>源文件</Filter>
    </ClCompile>
    <ClCompile Include="..\..\PainterEngine\kernel\PX_Resource.c">
      <Filter>源文件</Filter>
    </ClCompile>
    <ClCompile Include="..\..\PainterEngine\kernel\PX_Script_ASMCompiler.c">
      <Filter>源文件</Filter>
    </ClCompile>
    <ClCompile Include="..\..\PainterEngine\kernel\PX_Script_Interpreter.c">
      <Filter>源文件</Filter>
    </ClCompile>
    <ClCompile Include="..\..\PainterEngine\kernel\PX_Script_VM.c">
      <Filter>源文件</Filter>
    </ClCompile>
    <ClCompile Include="..\..\PainterEngine\kernel\PX_SoundLab.c">
      <Filter>源文件</Filter>
    </ClCompile>
    <ClCompile Include="..\..\PainterEngine\kernel\PX_Sync.c">
      <Filter>源文件</Filter>
    </ClCompile>
    <ClCompile Include="..\..\PainterEngine\kernel\PX_World.c">
      <Filter>源文件</Filter>
    </ClCompile>
    <ClCompile Include="..\..\PainterEngine\architecture\PainterEngine_Console.c">
      <Filter>源文件</Filter>
    </ClCompile>
    <ClCompile Include="..\..\PainterEngine\architecture\PainterEngine_MessageBox.c">
      <Filter>源文件</Filter>
    </ClCompile>
    <ClCompile Include="..\..\PainterEngine\architecture\PainterEngine_Runtime.c">
      <Filter>源文件</Filter>
    </ClCompile>
    <ClCompile Include="..\..\PainterEngine\core\PX_3D.c">
      <Filter>源文件</Filter>
    </ClCompile>
    <ClCompile Include="..\..\PainterEngine\core\PX_AES.c">
      <Filter>源文件</Filter>
    </ClCompile>
    <ClCompile Include="..\..\PainterEngine\core\PX_ANN.c">
      <Filter>源文件</Filter>
    </ClCompile>
    <ClCompile Include="..\..\PainterEngine\core\PX_Arle.c">
      <Filter>源文件</Filter>
    </ClCompile>
    <ClCompile Include="..\..\PainterEngine\core\PX_Base64.c">
      <Filter>源文件</Filter>
    </ClCompile>
    <ClCompile Include="..\..\PainterEngine\core\PX_BaseGeo.c">
      <Filter>源文件</Filter>
    </ClCompile>
    <ClCompile Include="..\..\PainterEngine\core\PX_Bitmap.c">
      <Filter>源文件</Filter>
    </ClCompile>
    <ClCompile Include="..\..\PainterEngine\core\PX_BpNeural.c">
      <Filter>源文件</Filter>
    </ClCompile>
    <ClCompile Include="..\..\PainterEngine\core\PX_curve25519.c">
      <Filter>源文件</Filter>
    </ClCompile>
    <ClCompile Include="..\..\PainterEngine\core\PX_Effect.c">
      <Filter>源文件</Filter>
    </ClCompile>
    <ClCompile Include="..\..\PainterEngine\core\PX_Font.c">
      <Filter>源文件</Filter>
    </ClCompile>
    <ClCompile Include="..\..\PainterEngine\core\PX_Hashmap.c">
      <Filter>源文件</Filter>
    </ClCompile>
    <ClCompile Include="..\..\PainterEngine\core\PX_Huffman.c">
      <Filter>源文件</Filter>
    </ClCompile>
    <ClCompile Include="..\..\PainterEngine\core\PX_KalmanFilter.c">
      <Filter>源文件</Filter>
    </ClCompile>
    <ClCompile Include="..\..\PainterEngine\core\PX_Linker.c">
      <Filter>源文件</Filter>
    </ClCompile>
    <ClCompile Include="..\..\PainterEngine\core\PX_List.c">
      <Filter>源文件</Filter>
    </ClCompile>
    <ClCompile Include="..\..\PainterEngine\core\PX_Log.c">
      <Filter>源文件</Filter>
    </ClCompile>
    <ClCompile Include="..\..\PainterEngine\core\PX_Memory.c">
      <Filter>源文件</Filter>
    </ClCompile>
    <ClCompile Include="..\..\PainterEngine\core\PX_MemoryPool.c">
      <Filter>源文件</Filter>
    </ClCompile>
    <ClCompile Include="..\..\PainterEngine\core\PX_MFCC.c">
      <Filter>源文件</Filter>
    </ClCompile>
    <ClCompile Include="..\..\PainterEngine\core\PX_Packet.c">
      <Filter>源文件</Filter>
    </ClCompile>
    <ClCompile Include="..\..\PainterEngine\core\PX_ParallelCore.c">
      <Filter>源文件</Filter>
    </ClCompile>
    <ClCompile Include="..\..\PainterEngine\core\PX_Quadtree.c">
      <Filter>源文件</Filter>
    </ClCompile>
    <ClCompile Include="..\..\PainterEngine\core\PX_Quicksort.c">
      <Filter>源文件</Filter>
    </ClCompile>
    <ClCompile Include="..\..\PainterEngine\core\PX_rbtree.c">
      <Filter>源文件</Filter>
    </ClCompile>
    <ClCompile Include="..\..\PainterEngine\core\PX_Sha256.c">
      <Filter>源文件</Filter>
    </ClCompile>
    <ClCompile Include="..\..\PainterEngine\core\PX_Sound.c">
      <Filter>源文件</Filter>
    </ClCompile>
    <ClCompile Include="..\..\PainterEngine\core\PX_SoundModule.c">
      <Filter>源文件</Filter>
    </ClCompile>
    <ClCompile Include="..\..\PainterEngine\core\PX_String.c">
      <Filter>源文件</Filter>
    </ClCompile>
    <ClCompile Include="..\..\PainterEngine\core\PX_Surface.c">
      <Filter>源文件</Filter>
    </ClCompile>
    <ClCompile Include="..\..\PainterEngine\core\PX_Texture.c">
      <Filter>源文件</Filter>
    </ClCompile>
    <ClCompile Include="..\..\PainterEngine\core\PX_TRaw.c">
      <Filter>源文件</Filter>
    </ClCompile>
    <ClCompile Include="..\..\PainterEngine\core\PX_Tuning.c">
      <Filter>源文件</Filter>
    </ClCompile>
    <ClCompile Include="..\..\PainterEngine\core\PX_Typedef.c">
      <Filter>源文件</Filter>
    </ClCompile>
    <ClCompile Include="..\..\PainterEngine\core\PX_Vector.c">
      <Filter>源文件</Filter>
    </ClCompile>
    <ClCompile Include="..\..\PainterEngine\core\PX_Wave.c">
      <Filter>源文件</Filter>
    </ClCompile>
    <ClCompile Include="..\..\PainterEngine\platform\windows\Platform_Windows_D2D.cpp">
      <Filter>源文件</Filter>
    </ClCompile>
    <ClCompile Include="..\..\PainterEngine\platform\windows\px_udp.c">
      <Filter>源文件</Filter>
    </ClCompile>
  </ItemGroup>
</Project>